// !$*UTF8*$!
{
	archiveVersion = 1;
	classes = {
	};
	objectVersion = 55;
	objects = {

/* Begin PBXBuildFile section */
		8AEC52992861006500FDB99F /* rsp_tcp.c in Sources */ = {isa = PBXBuildFile; fileRef = 8AEC52982861006500FDB99F /* rsp_tcp.c */; };
		8AEC529C286101F200FDB99F /* libsdrplay_api.so.3.07 in Frameworks */ = {isa = PBXBuildFile; fileRef = 8AEC529B286101F200FDB99F /* libsdrplay_api.so.3.07 */; };
/* End PBXBuildFile section */

/* Begin PBXCopyFilesBuildPhase section */
		8AEC52822860F6AF00FDB99F /* CopyFiles */ = {
			isa = PBXCopyFilesBuildPhase;
			buildActionMask = 2147483647;
			dstPath = /usr/share/man/man1/;
			dstSubfolderSpec = 0;
			files = (
			);
			runOnlyForDeploymentPostprocessing = 1;
		};
/* End PBXCopyFilesBuildPhase section */

/* Begin PBXFileReference section */
		8AEC52842860F6AF00FDB99F /* rsp_tcp */ = {isa = PBXFileReference; explicitFileType = "compiled.mach-o.executable"; includeInIndex = 0; path = rsp_tcp; sourceTree = BUILT_PRODUCTS_DIR; };
		8AEC52972861006500FDB99F /* rsp_tcp_api.h */ = {isa = PBXFileReference; fileEncoding = 4; lastKnownFileType = sourcecode.c.h; name = rsp_tcp_api.h; path = ../../rsp_tcp_api.h; sourceTree = "<group>"; };
		8AEC52982861006500FDB99F /* rsp_tcp.c */ = {isa = PBXFileReference; fileEncoding = 4; lastKnownFileType = sourcecode.c.c; name = rsp_tcp.c; path = ../../rsp_tcp.c; sourceTree = "<group>"; };
		8AEC529B286101F200FDB99F /* libsdrplay_api.so.3.07 */ = {isa = PBXFileReference; lastKnownFileType = "compiled.mach-o.dylib"; name = libsdrplay_api.so.3.07; path = ../../../../../../usr/local/lib/libsdrplay_api.so.3.07; sourceTree = "<group>"; };
/* End PBXFileReference section */

/* Begin PBXFrameworksBuildPhase section */
		8AEC52812860F6AF00FDB99F /* Frameworks */ = {
			isa = PBXFrameworksBuildPhase;
			buildActionMask = 2147483647;
			files = (
				8AEC529C286101F200FDB99F /* libsdrplay_api.so.3.07 in Frameworks */,
			);
			runOnlyForDeploymentPostprocessing = 0;
		};
/* End PBXFrameworksBuildPhase section */

/* Begin PBXGroup section */
		8AEC527B2860F6AF00FDB99F = {
			isa = PBXGroup;
			children = (
				8AEC52862860F6AF00FDB99F /* RSPTCPServer */,
				8AEC52852860F6AF00FDB99F /* Products */,
				8AEC529A286101F200FDB99F /* Frameworks */,
			);
			sourceTree = "<group>";
		};
		8AEC52852860F6AF00FDB99F /* Products */ = {
			isa = PBXGroup;
			children = (
				8AEC52842860F6AF00FDB99F /* rsp_tcp */,
			);
			name = Products;
			sourceTree = "<group>";
		};
		8AEC52862860F6AF00FDB99F /* RSPTCPServer */ = {
			isa = PBXGroup;
			children = (
				8AEC52972861006500FDB99F /* rsp_tcp_api.h */,
				8AEC52982861006500FDB99F /* rsp_tcp.c */,
			);
			path = RSPTCPServer;
			sourceTree = "<group>";
		};
		8AEC529A286101F200FDB99F /* Frameworks */ = {
			isa = PBXGroup;
			children = (
				8AEC529B286101F200FDB99F /* libsdrplay_api.so.3.07 */,
			);
			name = Frameworks;
			sourceTree = "<group>";
		};
/* End PBXGroup section */

/* Begin PBXNativeTarget section */
		8AEC52832860F6AF00FDB99F /* rsp_tcp */ = {
			isa = PBXNativeTarget;
			buildConfigurationList = 8AEC528B2860F6AF00FDB99F /* Build configuration list for PBXNativeTarget "rsp_tcp" */;
			buildPhases = (
				8AEC52802860F6AF00FDB99F /* Sources */,
				8AEC52812860F6AF00FDB99F /* Frameworks */,
				8AEC52822860F6AF00FDB99F /* CopyFiles */,
			);
			buildRules = (
			);
			dependencies = (
			);
			name = rsp_tcp;
			productName = RSPTCPServer;
			productReference = 8AEC52842860F6AF00FDB99F /* rsp_tcp */;
			productType = "com.apple.product-type.tool";
		};
/* End PBXNativeTarget section */

/* Begin PBXProject section */
		8AEC527C2860F6AF00FDB99F /* Project object */ = {
			isa = PBXProject;
			attributes = {
				BuildIndependentTargetsInParallel = 1;
				LastUpgradeCheck = 1320;
				TargetAttributes = {
					8AEC52832860F6AF00FDB99F = {
						CreatedOnToolsVersion = 13.2.1;
					};
				};
			};
			buildConfigurationList = 8AEC527F2860F6AF00FDB99F /* Build configuration list for PBXProject "RSPTCPServer" */;
			compatibilityVersion = "Xcode 13.0";
			developmentRegion = en;
			hasScannedForEncodings = 0;
			knownRegions = (
				en,
				Base,
			);
			mainGroup = 8AEC527B2860F6AF00FDB99F;
			productRefGroup = 8AEC52852860F6AF00FDB99F /* Products */;
			projectDirPath = "";
			projectRoot = "";
			targets = (
				8AEC52832860F6AF00FDB99F /* rsp_tcp */,
			);
		};
/* End PBXProject section */

/* Begin PBXSourcesBuildPhase section */
		8AEC52802860F6AF00FDB99F /* Sources */ = {
			isa = PBXSourcesBuildPhase;
			buildActionMask = 2147483647;
			files = (
				8AEC52992861006500FDB99F /* rsp_tcp.c in Sources */,
			);
			runOnlyForDeploymentPostprocessing = 0;
		};
/* End PBXSourcesBuildPhase section */

/* Begin XCBuildConfiguration section */
		8AEC52892860F6AF00FDB99F /* Debug */ = {
			isa = XCBuildConfiguration;
			buildSettings = {
				ALWAYS_SEARCH_USER_PATHS = NO;
				CLANG_ANALYZER_NONNULL = YES;
				CLANG_ANALYZER_NUMBER_OBJECT_CONVERSION = YES_AGGRESSIVE;
				CLANG_CXX_LANGUAGE_STANDARD = "gnu++17";
				CLANG_CXX_LIBRARY = "libc++";
				CLANG_ENABLE_MODULES = YES;
				CLANG_ENABLE_OBJC_ARC = YES;
				CLANG_ENABLE_OBJC_WEAK = YES;
				CLANG_WARN_BLOCK_CAPTURE_AUTORELEASING = YES;
				CLANG_WARN_BOOL_CONVERSION = YES;
				CLANG_WARN_COMMA = YES;
				CLANG_WARN_CONSTANT_CONVERSION = YES;
				CLANG_WARN_DEPRECATED_OBJC_IMPLEMENTATIONS = YES;
				CLANG_WARN_DIRECT_OBJC_ISA_USAGE = YES_ERROR;
				CLANG_WARN_DOCUMENTATION_COMMENTS = YES;
				CLANG_WARN_EMPTY_BODY = YES;
				CLANG_WARN_ENUM_CONVERSION = YES;
				CLANG_WARN_INFINITE_RECURSION = YES;
				CLANG_WARN_INT_CONVERSION = YES;
				CLANG_WARN_NON_LITERAL_NULL_CONVERSION = YES;
				CLANG_WARN_OBJC_IMPLICIT_RETAIN_SELF = YES;
				CLANG_WARN_OBJC_LITERAL_CONVERSION = YES;
				CLANG_WARN_OBJC_ROOT_CLASS = YES_ERROR;
				CLANG_WARN_QUOTED_INCLUDE_IN_FRAMEWORK_HEADER = YES;
				CLANG_WARN_RANGE_LOOP_ANALYSIS = YES;
				CLANG_WARN_STRICT_PROTOTYPES = YES;
				CLANG_WARN_SUSPICIOUS_MOVE = YES;
				CLANG_WARN_UNGUARDED_AVAILABILITY = YES_AGGRESSIVE;
				CLANG_WARN_UNREACHABLE_CODE = YES;
				CLANG_WARN__DUPLICATE_METHOD_MATCH = YES;
				COPY_PHASE_STRIP = NO;
				DEBUG_INFORMATION_FORMAT = dwarf;
				ENABLE_STRICT_OBJC_MSGSEND = YES;
				ENABLE_TESTABILITY = YES;
				GCC_C_LANGUAGE_STANDARD = gnu11;
				GCC_DYNAMIC_NO_PIC = NO;
				GCC_NO_COMMON_BLOCKS = YES;
				GCC_OPTIMIZATION_LEVEL = 0;
				GCC_PREPROCESSOR_DEFINITIONS = (
					"DEBUG=1",
					"$(inherited)",
				);
				GCC_WARN_64_TO_32_BIT_CONVERSION = YES;
				GCC_WARN_ABOUT_RETURN_TYPE = YES_ERROR;
				GCC_WARN_UNDECLARED_SELECTOR = YES;
				GCC_WARN_UNINITIALIZED_AUTOS = YES_AGGRESSIVE;
				GCC_WARN_UNUSED_FUNCTION = YES;
				GCC_WARN_UNUSED_VARIABLE = YES;
				MACOSX_DEPLOYMENT_TARGET = 12.1;
				MTL_ENABLE_DEBUG_INFO = INCLUDE_SOURCE;
				MTL_FAST_MATH = YES;
				ONLY_ACTIVE_ARCH = YES;
				SDKROOT = macosx;
			};
			name = Debug;
		};
		8AEC528A2860F6AF00FDB99F /* Release */ = {
			isa = XCBuildConfiguration;
			buildSettings = {
				ALWAYS_SEARCH_USER_PATHS = NO;
				CLANG_ANALYZER_NONNULL = YES;
				CLANG_ANALYZER_NUMBER_OBJECT_CONVERSION = YES_AGGRESSIVE;
				CLANG_CXX_LANGUAGE_STANDARD = "gnu++17";
				CLANG_CXX_LIBRARY = "libc++";
				CLANG_ENABLE_MODULES = YES;
				CLANG_ENABLE_OBJC_ARC = YES;
				CLANG_ENABLE_OBJC_WEAK = YES;
				CLANG_WARN_BLOCK_CAPTURE_AUTORELEASING = YES;
				CLANG_WARN_BOOL_CONVERSION = YES;
				CLANG_WARN_COMMA = YES;
				CLANG_WARN_CONSTANT_CONVERSION = YES;
				CLANG_WARN_DEPRECATED_OBJC_IMPLEMENTATIONS = YES;
				CLANG_WARN_DIRECT_OBJC_ISA_USAGE = YES_ERROR;
				CLANG_WARN_DOCUMENTATION_COMMENTS = YES;
				CLANG_WARN_EMPTY_BODY = YES;
				CLANG_WARN_ENUM_CONVERSION = YES;
				CLANG_WARN_INFINITE_RECURSION = YES;
				CLANG_WARN_INT_CONVERSION = YES;
				CLANG_WARN_NON_LITERAL_NULL_CONVERSION = YES;
				CLANG_WARN_OBJC_IMPLICIT_RETAIN_SELF = YES;
				CLANG_WARN_OBJC_LITERAL_CONVERSION = YES;
				CLANG_WARN_OBJC_ROOT_CLASS = YES_ERROR;
				CLANG_WARN_QUOTED_INCLUDE_IN_FRAMEWORK_HEADER = YES;
				CLANG_WARN_RANGE_LOOP_ANALYSIS = YES;
				CLANG_WARN_STRICT_PROTOTYPES = YES;
				CLANG_WARN_SUSPICIOUS_MOVE = YES;
				CLANG_WARN_UNGUARDED_AVAILABILITY = YES_AGGRESSIVE;
				CLANG_WARN_UNREACHABLE_CODE = YES;
				CLANG_WARN__DUPLICATE_METHOD_MATCH = YES;
				COPY_PHASE_STRIP = NO;
				DEBUG_INFORMATION_FORMAT = "dwarf-with-dsym";
				ENABLE_NS_ASSERTIONS = NO;
				ENABLE_STRICT_OBJC_MSGSEND = YES;
				GCC_C_LANGUAGE_STANDARD = gnu11;
				GCC_NO_COMMON_BLOCKS = YES;
				GCC_WARN_64_TO_32_BIT_CONVERSION = YES;
				GCC_WARN_ABOUT_RETURN_TYPE = YES_ERROR;
				GCC_WARN_UNDECLARED_SELECTOR = YES;
				GCC_WARN_UNINITIALIZED_AUTOS = YES_AGGRESSIVE;
				GCC_WARN_UNUSED_FUNCTION = YES;
				GCC_WARN_UNUSED_VARIABLE = YES;
				MACOSX_DEPLOYMENT_TARGET = 12.1;
				MTL_ENABLE_DEBUG_INFO = NO;
				MTL_FAST_MATH = YES;
				SDKROOT = macosx;
			};
			name = Release;
		};
		8AEC528C2860F6AF00FDB99F /* Debug */ = {
			isa = XCBuildConfiguration;
			buildSettings = {
				CODE_SIGN_STYLE = Automatic;
				GCC_PREPROCESSOR_DEFINITIONS = (
					"SERVER_NAME='\"${PROJECT_NAME}\"'",
					"SERVER_VERSION='\"${PROJECT_VERSION}\"'",
				);
				HEADER_SEARCH_PATHS = /usr/local/include;
				LIBRARY_SEARCH_PATHS = /usr/local/lib;
				PRODUCT_NAME = "$(TARGET_NAME)";
			};
			name = Debug;
		};
		8AEC528D2860F6AF00FDB99F /* Release */ = {
			isa = XCBuildConfiguration;
			buildSettings = {
				CODE_SIGN_STYLE = Automatic;
				GCC_PREPROCESSOR_DEFINITIONS = (
					"SERVER_NAME='\"${PROJECT_NAME}\"'",
					"SERVER_VERSION='\"${PROJECT_VERSION}\"'",
				);
				HEADER_SEARCH_PATHS = /usr/local/include;
				LIBRARY_SEARCH_PATHS = /usr/local/lib;
				PRODUCT_NAME = "$(TARGET_NAME)";
			};
			name = Release;
		};
/* End XCBuildConfiguration section */

/* Begin XCConfigurationList section */
		8AEC527F2860F6AF00FDB99F /* Build configuration list for PBXProject "RSPTCPServer" */ = {
			isa = XCConfigurationList;
			buildConfigurations = (
				8AEC52892860F6AF00FDB99F /* Debug */,
				8AEC528A2860F6AF00FDB99F /* Release */,
			);
			defaultConfigurationIsVisible = 0;
			defaultConfigurationName = Release;
		};
		8AEC528B2860F6AF00FDB99F /* Build configuration list for PBXNativeTarget "rsp_tcp" */ = {
			isa = XCConfigurationList;
			buildConfigurations = (
				8AEC528C2860F6AF00FDB99F /* Debug */,
				8AEC528D2860F6AF00FDB99F /* Release */,
			);
			defaultConfigurationIsVisible = 0;
			defaultConfigurationName = Release;
		};
/* End XCConfigurationList section */
	};
	rootObject = 8AEC527C2860F6AF00FDB99F /* Project object */;
}
